
Microsoft Visual Studio Solution File, Format Version 12.00
# Visual Studio Version 17
VisualStudioVersion = 17.9.34607.119
MinimumVisualStudioVersion = 10.0.40219.1
Project("{FAE04EC0-301F-11D3-BF4B-00C04F79EFBC}") = "SelfSync", "SelfSync.csproj", "{E351BF76-F730-4087-BF60-41D6F37A91E4}"
EndProject
Global
	GlobalSection(SolutionConfigurationPlatforms) = preSolution
		Debug|Any CPU = Debug|Any CPU
		Release|Any CPU = Release|Any CPU
	EndGlobalSection
	GlobalSection(ProjectConfigurationPlatforms) = postSolution
		{E351BF76-F730-4087-BF60-41D6F37A91E4}.Debug|Any CPU.ActiveCfg = Debug|Any CPU
		{E351BF76-F730-4087-BF60-41D6F37A91E4}.Debug|Any CPU.Build.0 = Debug|Any CPU
		{E351BF76-F730-4087-BF60-41D6F37A91E4}.Release|Any CPU.ActiveCfg = Release|Any CPU
		{E351BF76-F730-4087-BF60-41D6F37A91E4}.Release|Any CPU.Build.0 = Release|Any CPU
	EndGlobalSection
	GlobalSection(SolutionProperties) = preSolution
		HideSolutionNode = FALSE
	EndGlobalSection
	GlobalSection(ExtensibilityGlobals) = postSolution
		SolutionGuid = {DCB851E6-EA4B-4276-AAA5-248D732AC341}
	EndGlobalSection
EndGlobal
